{
  "object": {
    "pins": [
      {
        "package": "Kingfisher",
        "repositoryURL": "https://github.com/onevcat/Kingfisher.git",
        "state": {
          "branch": null,
          "revision": "daebf8ddf974164d1b9a050c8231e263f3106b09",
          "version": "6.1.0"
        }
      }
    ]
  },
  "version": 1
}
